{
  "version": "4",
  "specifiers": {
    "jsr:@std/dotenv@*": "0.225.2"
  },
  "jsr": {
    "@std/dotenv@0.225.2": {
      "integrity": "e2025dce4de6c7bca21dece8baddd4262b09d5187217e231b033e088e0c4dd23"
    }
  },
  "redirects": {
    "https://deno.land/x/deno_cron/cron.ts": "https://deno.land/x/deno_cron@v1.0.0/cron.ts"
  },
  "remote": {
    "https://deno.land/x/deno_cron@v1.0.0/cron.ts": "7f984d0c4c7ac4fb1ad3cd241d457e7808a9362735d910abb02dc689883ee3ef"
  }
}
